
Microsoft Visual Studio Solution File, Format Version 12.00
# Visual Studio Version 16
VisualStudioVersion = 16.0.31613.86
MinimumVisualStudioVersion = 10.0.40219.1
Project("{FAE04EC0-301F-11D3-BF4B-00C04F79EFBC}") = "Raton", "Raton\Raton.csproj", "{16345F49-4867-41B0-B03F-C8E4C37E2D40}"
EndProject
Global
	GlobalSection(SolutionConfigurationPlatforms) = preSolution
		Debug|Any CPU = Debug|Any CPU
		Release|Any CPU = Release|Any CPU
	EndGlobalSection
	GlobalSection(ProjectConfigurationPlatforms) = postSolution
		{16345F49-4867-41B0-B03F-C8E4C37E2D40}.Debug|Any CPU.ActiveCfg = Debug|Any CPU
		{16345F49-4867-41B0-B03F-C8E4C37E2D40}.Debug|Any CPU.Build.0 = Debug|Any CPU
		{16345F49-4867-41B0-B03F-C8E4C37E2D40}.Release|Any CPU.ActiveCfg = Release|Any CPU
		{16345F49-4867-41B0-B03F-C8E4C37E2D40}.Release|Any CPU.Build.0 = Release|Any CPU
	EndGlobalSection
	GlobalSection(SolutionProperties) = preSolution
		HideSolutionNode = FALSE
	EndGlobalSection
	GlobalSection(ExtensibilityGlobals) = postSolution
		SolutionGuid = {DC4A8DE7-4DFD-439B-87F9-9DB8A3424DA2}
	EndGlobalSection
EndGlobal
